
Microsoft Visual Studio Solution File, Format Version 12.00
# Visual Studio 15
VisualStudioVersion = 15.0.28010.2016
MinimumVisualStudioVersion = 10.0.40219.1
Project("{9A19103F-16F7-4668-BE54-9A1E7A4F7556}") = "Intwenty", "Intwenty.csproj", "{A1B06E3B-105A-4DDB-A672-6CDEB51B6670}"
EndProject
Project("{9A19103F-16F7-4668-BE54-9A1E7A4F7556}") = "NetCoreDBAccess", "..\NetCoreDBAccess\NetCoreDBAccess.csproj", "{4CFA02BE-6902-4E7E-ADA2-AB6C89655905}"
EndProject
Global
	GlobalSection(SolutionConfigurationPlatforms) = preSolution
		Debug|Any CPU = Debug|Any CPU
		Release|Any CPU = Release|Any CPU
	EndGlobalSection
	GlobalSection(ProjectConfigurationPlatforms) = postSolution
		{A1B06E3B-105A-4DDB-A672-6CDEB51B6670}.Debug|Any CPU.ActiveCfg = Debug|Any CPU
		{A1B06E3B-105A-4DDB-A672-6CDEB51B6670}.Debug|Any CPU.Build.0 = Debug|Any CPU
		{A1B06E3B-105A-4DDB-A672-6CDEB51B6670}.Release|Any CPU.ActiveCfg = Release|Any CPU
		{A1B06E3B-105A-4DDB-A672-6CDEB51B6670}.Release|Any CPU.Build.0 = Release|Any CPU
		{4CFA02BE-6902-4E7E-ADA2-AB6C89655905}.Debug|Any CPU.ActiveCfg = Debug|Any CPU
		{4CFA02BE-6902-4E7E-ADA2-AB6C89655905}.Debug|Any CPU.Build.0 = Debug|Any CPU
		{4CFA02BE-6902-4E7E-ADA2-AB6C89655905}.Release|Any CPU.ActiveCfg = Release|Any CPU
		{4CFA02BE-6902-4E7E-ADA2-AB6C89655905}.Release|Any CPU.Build.0 = Release|Any CPU
	EndGlobalSection
	GlobalSection(SolutionProperties) = preSolution
		HideSolutionNode = FALSE
	EndGlobalSection
	GlobalSection(ExtensibilityGlobals) = postSolution
		SolutionGuid = {82780F8C-F35B-4735-A96C-4E3671658C7D}
	EndGlobalSection
EndGlobal
