
Microsoft Visual Studio Solution File, Format Version 12.00
# Visual Studio Version 16
VisualStudioVersion = 16.0.29806.167
MinimumVisualStudioVersion = 10.0.40219.1
Project("{9A19103F-16F7-4668-BE54-9A1E7A4F7556}") = "NetCoreDBAccess", "..\NetCoreDBAccess\NetCoreDBAccess.csproj", "{4CFA02BE-6902-4E7E-ADA2-AB6C89655905}"
EndProject
Project("{9A19103F-16F7-4668-BE54-9A1E7A4F7556}") = "IntwentyDemo", "IntwentyDemo.csproj", "{829F9532-2E5B-453D-B2FB-4CD625EF5113}"
EndProject
Project("{FAE04EC0-301F-11D3-BF4B-00C04F79EFBC}") = "Intwenty", "..\Intwenty\Intwenty.csproj", "{7A56EAFE-D518-4982-BE13-9EE1FB56C045}"
EndProject
Project("{FAE04EC0-301F-11D3-BF4B-00C04F79EFBC}") = "Shared", "..\Shared\Shared.csproj", "{B9B2B373-DE60-4345-A338-A8CBDAF98D60}"
EndProject
Project("{FAE04EC0-301F-11D3-BF4B-00C04F79EFBC}") = "IntwentyUI", "..\IntwentyUI\IntwentyUI.csproj", "{A2088472-9CF2-4B84-976C-CA765420A014}"
EndProject
Global
	GlobalSection(SolutionConfigurationPlatforms) = preSolution
		Debug|Any CPU = Debug|Any CPU
		Release|Any CPU = Release|Any CPU
	EndGlobalSection
	GlobalSection(ProjectConfigurationPlatforms) = postSolution
		{4CFA02BE-6902-4E7E-ADA2-AB6C89655905}.Debug|Any CPU.ActiveCfg = Debug|Any CPU
		{4CFA02BE-6902-4E7E-ADA2-AB6C89655905}.Debug|Any CPU.Build.0 = Debug|Any CPU
		{4CFA02BE-6902-4E7E-ADA2-AB6C89655905}.Release|Any CPU.ActiveCfg = Release|Any CPU
		{4CFA02BE-6902-4E7E-ADA2-AB6C89655905}.Release|Any CPU.Build.0 = Release|Any CPU
		{829F9532-2E5B-453D-B2FB-4CD625EF5113}.Debug|Any CPU.ActiveCfg = Debug|Any CPU
		{829F9532-2E5B-453D-B2FB-4CD625EF5113}.Debug|Any CPU.Build.0 = Debug|Any CPU
		{829F9532-2E5B-453D-B2FB-4CD625EF5113}.Release|Any CPU.ActiveCfg = Release|Any CPU
		{829F9532-2E5B-453D-B2FB-4CD625EF5113}.Release|Any CPU.Build.0 = Release|Any CPU
		{7A56EAFE-D518-4982-BE13-9EE1FB56C045}.Debug|Any CPU.ActiveCfg = Debug|Any CPU
		{7A56EAFE-D518-4982-BE13-9EE1FB56C045}.Debug|Any CPU.Build.0 = Debug|Any CPU
		{7A56EAFE-D518-4982-BE13-9EE1FB56C045}.Release|Any CPU.ActiveCfg = Release|Any CPU
		{7A56EAFE-D518-4982-BE13-9EE1FB56C045}.Release|Any CPU.Build.0 = Release|Any CPU
		{B9B2B373-DE60-4345-A338-A8CBDAF98D60}.Debug|Any CPU.ActiveCfg = Debug|Any CPU
		{B9B2B373-DE60-4345-A338-A8CBDAF98D60}.Debug|Any CPU.Build.0 = Debug|Any CPU
		{B9B2B373-DE60-4345-A338-A8CBDAF98D60}.Release|Any CPU.ActiveCfg = Release|Any CPU
		{B9B2B373-DE60-4345-A338-A8CBDAF98D60}.Release|Any CPU.Build.0 = Release|Any CPU
		{A2088472-9CF2-4B84-976C-CA765420A014}.Debug|Any CPU.ActiveCfg = Debug|Any CPU
		{A2088472-9CF2-4B84-976C-CA765420A014}.Debug|Any CPU.Build.0 = Debug|Any CPU
		{A2088472-9CF2-4B84-976C-CA765420A014}.Release|Any CPU.ActiveCfg = Release|Any CPU
		{A2088472-9CF2-4B84-976C-CA765420A014}.Release|Any CPU.Build.0 = Release|Any CPU
	EndGlobalSection
	GlobalSection(SolutionProperties) = preSolution
		HideSolutionNode = FALSE
	EndGlobalSection
	GlobalSection(ExtensibilityGlobals) = postSolution
		SolutionGuid = {82780F8C-F35B-4735-A96C-4E3671658C7D}
	EndGlobalSection
EndGlobal
